
Microsoft Visual Studio Solution File, Format Version 12.00
# Visual Studio Version 16
VisualStudioVersion = 16.0.28803.202
MinimumVisualStudioVersion = 10.0.40219.1
Project("{FAE04EC0-301F-11D3-BF4B-00C04F79EFBC}") = "GxtCadSolutions", "GxtCadSolutions.csproj", "{2F97AD2C-BF52-4D3D-8016-80B088B8DEDB}"
EndProject
Global
	GlobalSection(SolutionConfigurationPlatforms) = preSolution
		Debug|Any CPU = Debug|Any CPU
		Release|Any CPU = Release|Any CPU
	EndGlobalSection
	GlobalSection(ProjectConfigurationPlatforms) = postSolution
		{2F97AD2C-BF52-4D3D-8016-80B088B8DEDB}.Debug|Any CPU.ActiveCfg = Debug|Any CPU
		{2F97AD2C-BF52-4D3D-8016-80B088B8DEDB}.Debug|Any CPU.Build.0 = Debug|Any CPU
		{2F97AD2C-BF52-4D3D-8016-80B088B8DEDB}.Release|Any CPU.ActiveCfg = Release|Any CPU
		{2F97AD2C-BF52-4D3D-8016-80B088B8DEDB}.Release|Any CPU.Build.0 = Release|Any CPU
	EndGlobalSection
	GlobalSection(SolutionProperties) = preSolution
		HideSolutionNode = FALSE
	EndGlobalSection
	GlobalSection(ExtensibilityGlobals) = postSolution
		SolutionGuid = {65C02EE2-BFC2-46A8-A03F-A354CEAEEB66}
	EndGlobalSection
EndGlobal
